
Microsoft Visual Studio Solution File, Format Version 12.00
# Visual Studio Version 17
VisualStudioVersion = 17.11.35327.3
MinimumVisualStudioVersion = 10.0.40219.1
Project("{9A19103F-16F7-4668-BE54-9A1E7A4F7556}") = "DotNetBatch14AMO.ConsoleApp2", "DotNetBatch14AMO.ConsoleApp2\DotNetBatch14AMO.ConsoleApp2.csproj", "{19B29A90-0F38-4E1B-BCF9-6D029E5C70DA}"
EndProject
Project("{9A19103F-16F7-4668-BE54-9A1E7A4F7556}") = "DotNetBatch14AMO.ConsoleApp3", "DotNetBatch14AMO.ConsoleApp3\DotNetBatch14AMO.ConsoleApp3.csproj", "{6950BE09-80F0-46B1-AF88-C074F3BDEE52}"
EndProject
Project("{9A19103F-16F7-4668-BE54-9A1E7A4F7556}") = "DotNetBatch14AMO.RestApi", "DotNetBatch14AMO.RestApi\DotNetBatch14AMO.RestApi.csproj", "{359CCEF9-7432-48B7-BF52-EC9B26CE326E}"
EndProject
Project("{9A19103F-16F7-4668-BE54-9A1E7A4F7556}") = "DotNetBatch14AMO.Shared", "DotNetBatch14AMO.Shared\DotNetBatch14AMO.Shared.csproj", "{8345A6E6-E9DF-49D1-A987-509D6E80E7B7}"
EndProject
Project("{FAE04EC0-301F-11D3-BF4B-00C04F79EFBC}") = "DotNetBatch14AMO.RestApi2", "DotNetBatch14AMO.RestApi2\DotNetBatch14AMO.RestApi2.csproj", "{3894AF8C-A0C1-4727-9861-5A4299BD0C85}"
EndProject
Project("{FAE04EC0-301F-11D3-BF4B-00C04F79EFBC}") = "DotNetBatch14AMO.ConsoleApp4", "DotNetBatch14AMO.ConsoleApp4\DotNetBatch14AMO.ConsoleApp4.csproj", "{A2E4CAE2-461F-4F98-BB73-A0F2B2295780}"
EndProject
Project("{FAE04EC0-301F-11D3-BF4B-00C04F79EFBC}") = "DotNetBatch14AMO.JsonplaceholderApiConsoleApp", "DotNetBatch14AMO.JsonplaceholderApiConsoleApp\DotNetBatch14AMO.JsonplaceholderApiConsoleApp.csproj", "{82A23688-A220-4E91-A60B-89F86AF3EF5F}"
EndProject
Project("{FAE04EC0-301F-11D3-BF4B-00C04F79EFBC}") = "DotNetBatch14AMO.EmojisMinimalApi", "DotNetBatch14AMO.EmojisMinimalApi\DotNetBatch14AMO.EmojisMinimalApi.csproj", "{E43F4D87-F0A6-4678-A73F-C1FFEA83DC67}"
EndProject
Project("{FAE04EC0-301F-11D3-BF4B-00C04F79EFBC}") = "DotNetBatch14AMO.ConsoleApp1", "DotNetBatch14AMO.ConsoleApp1\DotNetBatch14AMO.ConsoleApp1.csproj", "{A0C88B24-4804-4396-BEB8-177D361F1736}"
EndProject
Global
	GlobalSection(SolutionConfigurationPlatforms) = preSolution
		Debug|Any CPU = Debug|Any CPU
		Release|Any CPU = Release|Any CPU
	EndGlobalSection
	GlobalSection(ProjectConfigurationPlatforms) = postSolution
		{19B29A90-0F38-4E1B-BCF9-6D029E5C70DA}.Debug|Any CPU.ActiveCfg = Debug|Any CPU
		{19B29A90-0F38-4E1B-BCF9-6D029E5C70DA}.Debug|Any CPU.Build.0 = Debug|Any CPU
		{19B29A90-0F38-4E1B-BCF9-6D029E5C70DA}.Release|Any CPU.ActiveCfg = Release|Any CPU
		{19B29A90-0F38-4E1B-BCF9-6D029E5C70DA}.Release|Any CPU.Build.0 = Release|Any CPU
		{6950BE09-80F0-46B1-AF88-C074F3BDEE52}.Debug|Any CPU.ActiveCfg = Debug|Any CPU
		{6950BE09-80F0-46B1-AF88-C074F3BDEE52}.Debug|Any CPU.Build.0 = Debug|Any CPU
		{6950BE09-80F0-46B1-AF88-C074F3BDEE52}.Release|Any CPU.ActiveCfg = Release|Any CPU
		{6950BE09-80F0-46B1-AF88-C074F3BDEE52}.Release|Any CPU.Build.0 = Release|Any CPU
		{359CCEF9-7432-48B7-BF52-EC9B26CE326E}.Debug|Any CPU.ActiveCfg = Debug|Any CPU
		{359CCEF9-7432-48B7-BF52-EC9B26CE326E}.Debug|Any CPU.Build.0 = Debug|Any CPU
		{359CCEF9-7432-48B7-BF52-EC9B26CE326E}.Release|Any CPU.ActiveCfg = Release|Any CPU
		{359CCEF9-7432-48B7-BF52-EC9B26CE326E}.Release|Any CPU.Build.0 = Release|Any CPU
		{8345A6E6-E9DF-49D1-A987-509D6E80E7B7}.Debug|Any CPU.ActiveCfg = Debug|Any CPU
		{8345A6E6-E9DF-49D1-A987-509D6E80E7B7}.Debug|Any CPU.Build.0 = Debug|Any CPU
		{8345A6E6-E9DF-49D1-A987-509D6E80E7B7}.Release|Any CPU.ActiveCfg = Release|Any CPU
		{8345A6E6-E9DF-49D1-A987-509D6E80E7B7}.Release|Any CPU.Build.0 = Release|Any CPU
		{3894AF8C-A0C1-4727-9861-5A4299BD0C85}.Debug|Any CPU.ActiveCfg = Debug|Any CPU
		{3894AF8C-A0C1-4727-9861-5A4299BD0C85}.Debug|Any CPU.Build.0 = Debug|Any CPU
		{3894AF8C-A0C1-4727-9861-5A4299BD0C85}.Release|Any CPU.ActiveCfg = Release|Any CPU
		{3894AF8C-A0C1-4727-9861-5A4299BD0C85}.Release|Any CPU.Build.0 = Release|Any CPU
		{A2E4CAE2-461F-4F98-BB73-A0F2B2295780}.Debug|Any CPU.ActiveCfg = Debug|Any CPU
		{A2E4CAE2-461F-4F98-BB73-A0F2B2295780}.Debug|Any CPU.Build.0 = Debug|Any CPU
		{A2E4CAE2-461F-4F98-BB73-A0F2B2295780}.Release|Any CPU.ActiveCfg = Release|Any CPU
		{A2E4CAE2-461F-4F98-BB73-A0F2B2295780}.Release|Any CPU.Build.0 = Release|Any CPU
		{82A23688-A220-4E91-A60B-89F86AF3EF5F}.Debug|Any CPU.ActiveCfg = Debug|Any CPU
		{82A23688-A220-4E91-A60B-89F86AF3EF5F}.Debug|Any CPU.Build.0 = Debug|Any CPU
		{82A23688-A220-4E91-A60B-89F86AF3EF5F}.Release|Any CPU.ActiveCfg = Release|Any CPU
		{82A23688-A220-4E91-A60B-89F86AF3EF5F}.Release|Any CPU.Build.0 = Release|Any CPU
		{E43F4D87-F0A6-4678-A73F-C1FFEA83DC67}.Debug|Any CPU.ActiveCfg = Debug|Any CPU
		{E43F4D87-F0A6-4678-A73F-C1FFEA83DC67}.Debug|Any CPU.Build.0 = Debug|Any CPU
		{E43F4D87-F0A6-4678-A73F-C1FFEA83DC67}.Release|Any CPU.ActiveCfg = Release|Any CPU
		{E43F4D87-F0A6-4678-A73F-C1FFEA83DC67}.Release|Any CPU.Build.0 = Release|Any CPU
		{A0C88B24-4804-4396-BEB8-177D361F1736}.Debug|Any CPU.ActiveCfg = Debug|Any CPU
		{A0C88B24-4804-4396-BEB8-177D361F1736}.Debug|Any CPU.Build.0 = Debug|Any CPU
		{A0C88B24-4804-4396-BEB8-177D361F1736}.Release|Any CPU.ActiveCfg = Release|Any CPU
		{A0C88B24-4804-4396-BEB8-177D361F1736}.Release|Any CPU.Build.0 = Release|Any CPU
	EndGlobalSection
	GlobalSection(SolutionProperties) = preSolution
		HideSolutionNode = FALSE
	EndGlobalSection
	GlobalSection(ExtensibilityGlobals) = postSolution
		SolutionGuid = {D622CBFA-0B66-4031-AD66-C04F76D740B5}
	EndGlobalSection
EndGlobal
