
Microsoft Visual Studio Solution File, Format Version 12.00
# Visual Studio Version 17
VisualStudioVersion = 17.11.35327.3
MinimumVisualStudioVersion = 10.0.40219.1
Project("{9A19103F-16F7-4668-BE54-9A1E7A4F7556}") = "DotNetBatch14AMO.ConsoleApp1", "DotNetBarch14AMO.ConsoleApp1\DotNetBatch14AMO.ConsoleApp1.csproj", "{8ADD9EAA-FCF6-4B5A-8B55-F57EB2AB45CC}"
EndProject
Project("{9A19103F-16F7-4668-BE54-9A1E7A4F7556}") = "DotNetBatch14AMO.ConsoleApp2", "DotNetBatch14AMO.ConsoleApp2\DotNetBatch14AMO.ConsoleApp2.csproj", "{19B29A90-0F38-4E1B-BCF9-6D029E5C70DA}"
EndProject
Project("{9A19103F-16F7-4668-BE54-9A1E7A4F7556}") = "DotNetBatch14AMO.ConsoleApp3", "DotNetBatch14AMO.ConsoleApp3\DotNetBatch14AMO.ConsoleApp3.csproj", "{6950BE09-80F0-46B1-AF88-C074F3BDEE52}"
EndProject
Project("{FAE04EC0-301F-11D3-BF4B-00C04F79EFBC}") = "DotNetBatch14AMO.RestApi", "DotNetBatch14AMO.RestApi\DotNetBatch14AMO.RestApi.csproj", "{359CCEF9-7432-48B7-BF52-EC9B26CE326E}"
EndProject
Global
	GlobalSection(SolutionConfigurationPlatforms) = preSolution
		Debug|Any CPU = Debug|Any CPU
		Release|Any CPU = Release|Any CPU
	EndGlobalSection
	GlobalSection(ProjectConfigurationPlatforms) = postSolution
		{8ADD9EAA-FCF6-4B5A-8B55-F57EB2AB45CC}.Debug|Any CPU.ActiveCfg = Debug|Any CPU
		{8ADD9EAA-FCF6-4B5A-8B55-F57EB2AB45CC}.Debug|Any CPU.Build.0 = Debug|Any CPU
		{8ADD9EAA-FCF6-4B5A-8B55-F57EB2AB45CC}.Release|Any CPU.ActiveCfg = Release|Any CPU
		{8ADD9EAA-FCF6-4B5A-8B55-F57EB2AB45CC}.Release|Any CPU.Build.0 = Release|Any CPU
		{19B29A90-0F38-4E1B-BCF9-6D029E5C70DA}.Debug|Any CPU.ActiveCfg = Debug|Any CPU
		{19B29A90-0F38-4E1B-BCF9-6D029E5C70DA}.Debug|Any CPU.Build.0 = Debug|Any CPU
		{19B29A90-0F38-4E1B-BCF9-6D029E5C70DA}.Release|Any CPU.ActiveCfg = Release|Any CPU
		{19B29A90-0F38-4E1B-BCF9-6D029E5C70DA}.Release|Any CPU.Build.0 = Release|Any CPU
		{6950BE09-80F0-46B1-AF88-C074F3BDEE52}.Debug|Any CPU.ActiveCfg = Debug|Any CPU
		{6950BE09-80F0-46B1-AF88-C074F3BDEE52}.Debug|Any CPU.Build.0 = Debug|Any CPU
		{6950BE09-80F0-46B1-AF88-C074F3BDEE52}.Release|Any CPU.ActiveCfg = Release|Any CPU
		{6950BE09-80F0-46B1-AF88-C074F3BDEE52}.Release|Any CPU.Build.0 = Release|Any CPU
		{359CCEF9-7432-48B7-BF52-EC9B26CE326E}.Debug|Any CPU.ActiveCfg = Debug|Any CPU
		{359CCEF9-7432-48B7-BF52-EC9B26CE326E}.Debug|Any CPU.Build.0 = Debug|Any CPU
		{359CCEF9-7432-48B7-BF52-EC9B26CE326E}.Release|Any CPU.ActiveCfg = Release|Any CPU
		{359CCEF9-7432-48B7-BF52-EC9B26CE326E}.Release|Any CPU.Build.0 = Release|Any CPU
	EndGlobalSection
	GlobalSection(SolutionProperties) = preSolution
		HideSolutionNode = FALSE
	EndGlobalSection
	GlobalSection(ExtensibilityGlobals) = postSolution
		SolutionGuid = {D622CBFA-0B66-4031-AD66-C04F76D740B5}
	EndGlobalSection
EndGlobal
